
Microsoft Visual Studio Solution File, Format Version 12.00
# Visual Studio Version 16
VisualStudioVersion = 16.0.30225.117
MinimumVisualStudioVersion = 10.0.40219.1
Project("{9A19103F-16F7-4668-BE54-9A1E7A4F7556}") = "ToDoList", "ToDoList\ToDoList.csproj", "{4A8B07FC-86F9-4099-B6B7-5A3766215183}"
EndProject
Project("{9A19103F-16F7-4668-BE54-9A1E7A4F7556}") = "LoginAPI", "LoginAPI\LoginAPI.csproj", "{DA2C8999-D4D4-405E-9115-96903EF82631}"
EndProject
Global
	GlobalSection(SolutionConfigurationPlatforms) = preSolution
		Debug|Any CPU = Debug|Any CPU
		Release|Any CPU = Release|Any CPU
	EndGlobalSection
	GlobalSection(ProjectConfigurationPlatforms) = postSolution
		{4A8B07FC-86F9-4099-B6B7-5A3766215183}.Debug|Any CPU.ActiveCfg = Debug|Any CPU
		{4A8B07FC-86F9-4099-B6B7-5A3766215183}.Debug|Any CPU.Build.0 = Debug|Any CPU
		{4A8B07FC-86F9-4099-B6B7-5A3766215183}.Release|Any CPU.ActiveCfg = Release|Any CPU
		{4A8B07FC-86F9-4099-B6B7-5A3766215183}.Release|Any CPU.Build.0 = Release|Any CPU
		{DA2C8999-D4D4-405E-9115-96903EF82631}.Debug|Any CPU.ActiveCfg = Debug|Any CPU
		{DA2C8999-D4D4-405E-9115-96903EF82631}.Debug|Any CPU.Build.0 = Debug|Any CPU
		{DA2C8999-D4D4-405E-9115-96903EF82631}.Release|Any CPU.ActiveCfg = Release|Any CPU
		{DA2C8999-D4D4-405E-9115-96903EF82631}.Release|Any CPU.Build.0 = Release|Any CPU
	EndGlobalSection
	GlobalSection(SolutionProperties) = preSolution
		HideSolutionNode = FALSE
	EndGlobalSection
	GlobalSection(ExtensibilityGlobals) = postSolution
		SolutionGuid = {8CD9569D-44A5-47AD-89B6-FCF301690A43}
	EndGlobalSection
EndGlobal
